
Microsoft Visual Studio Solution File, Format Version 12.00
# Visual Studio Version 16
VisualStudioVersion = 16.0.29424.173
MinimumVisualStudioVersion = 10.0.40219.1
Project("{FAE04EC0-301F-11D3-BF4B-00C04F79EFBC}") = "Forms", "diplom\Forms.csproj", "{DB45974C-F8B5-4A43-ACB1-CD9B1B917CCB}"
EndProject
Project("{FAE04EC0-301F-11D3-BF4B-00C04F79EFBC}") = "Models", "Models\Models.csproj", "{5DD50B58-C9F7-454E-92A2-459F6F5D5096}"
EndProject
Project("{FAE04EC0-301F-11D3-BF4B-00C04F79EFBC}") = "Service", "Implementations\Service.csproj", "{9DF481A1-42C8-4D1E-89C1-9EEADA7CEAD9}"
EndProject
Global
	GlobalSection(SolutionConfigurationPlatforms) = preSolution
		Debug|Any CPU = Debug|Any CPU
		Release|Any CPU = Release|Any CPU
	EndGlobalSection
	GlobalSection(ProjectConfigurationPlatforms) = postSolution
		{DB45974C-F8B5-4A43-ACB1-CD9B1B917CCB}.Debug|Any CPU.ActiveCfg = Debug|Any CPU
		{DB45974C-F8B5-4A43-ACB1-CD9B1B917CCB}.Debug|Any CPU.Build.0 = Debug|Any CPU
		{DB45974C-F8B5-4A43-ACB1-CD9B1B917CCB}.Release|Any CPU.ActiveCfg = Release|Any CPU
		{DB45974C-F8B5-4A43-ACB1-CD9B1B917CCB}.Release|Any CPU.Build.0 = Release|Any CPU
		{5DD50B58-C9F7-454E-92A2-459F6F5D5096}.Debug|Any CPU.ActiveCfg = Debug|Any CPU
		{5DD50B58-C9F7-454E-92A2-459F6F5D5096}.Debug|Any CPU.Build.0 = Debug|Any CPU
		{5DD50B58-C9F7-454E-92A2-459F6F5D5096}.Release|Any CPU.ActiveCfg = Release|Any CPU
		{5DD50B58-C9F7-454E-92A2-459F6F5D5096}.Release|Any CPU.Build.0 = Release|Any CPU
		{9DF481A1-42C8-4D1E-89C1-9EEADA7CEAD9}.Debug|Any CPU.ActiveCfg = Debug|Any CPU
		{9DF481A1-42C8-4D1E-89C1-9EEADA7CEAD9}.Debug|Any CPU.Build.0 = Debug|Any CPU
		{9DF481A1-42C8-4D1E-89C1-9EEADA7CEAD9}.Release|Any CPU.ActiveCfg = Release|Any CPU
		{9DF481A1-42C8-4D1E-89C1-9EEADA7CEAD9}.Release|Any CPU.Build.0 = Release|Any CPU
	EndGlobalSection
	GlobalSection(SolutionProperties) = preSolution
		HideSolutionNode = FALSE
	EndGlobalSection
	GlobalSection(ExtensibilityGlobals) = postSolution
		SolutionGuid = {2043709D-79FD-42CB-BB8E-7FF2B222A26E}
	EndGlobalSection
EndGlobal
